
Microsoft Visual Studio Solution File, Format Version 12.00
# Visual Studio 15
VisualStudioVersion = 15.0.28307.489
MinimumVisualStudioVersion = 10.0.40219.1
Project("{FAE04EC0-301F-11D3-BF4B-00C04F79EFBC}") = "Globla-Movies", "Globla-Movies\Globla-Movies.csproj", "{884DCDC2-D89B-46FB-99F6-B19DEE58A7A3}"
EndProject
Project("{FAE04EC0-301F-11D3-BF4B-00C04F79EFBC}") = "Globla-Movies.Tests", "Globla-Movies.Tests\Globla-Movies.Tests.csproj", "{3D1E430F-7B6A-4AAE-98B0-6DA725C81600}"
EndProject
Global
	GlobalSection(SolutionConfigurationPlatforms) = preSolution
		Debug|Any CPU = Debug|Any CPU
		Release|Any CPU = Release|Any CPU
	EndGlobalSection
	GlobalSection(ProjectConfigurationPlatforms) = postSolution
		{884DCDC2-D89B-46FB-99F6-B19DEE58A7A3}.Debug|Any CPU.ActiveCfg = Debug|Any CPU
		{884DCDC2-D89B-46FB-99F6-B19DEE58A7A3}.Debug|Any CPU.Build.0 = Debug|Any CPU
		{884DCDC2-D89B-46FB-99F6-B19DEE58A7A3}.Release|Any CPU.ActiveCfg = Release|Any CPU
		{884DCDC2-D89B-46FB-99F6-B19DEE58A7A3}.Release|Any CPU.Build.0 = Release|Any CPU
		{3D1E430F-7B6A-4AAE-98B0-6DA725C81600}.Debug|Any CPU.ActiveCfg = Debug|Any CPU
		{3D1E430F-7B6A-4AAE-98B0-6DA725C81600}.Debug|Any CPU.Build.0 = Debug|Any CPU
		{3D1E430F-7B6A-4AAE-98B0-6DA725C81600}.Release|Any CPU.ActiveCfg = Release|Any CPU
		{3D1E430F-7B6A-4AAE-98B0-6DA725C81600}.Release|Any CPU.Build.0 = Release|Any CPU
	EndGlobalSection
	GlobalSection(SolutionProperties) = preSolution
		HideSolutionNode = FALSE
	EndGlobalSection
	GlobalSection(ExtensibilityGlobals) = postSolution
		SolutionGuid = {0BC318F5-7A85-4BD1-8402-859BF32C5E3F}
	EndGlobalSection
EndGlobal
